
Microsoft Visual Studio Solution File, Format Version 12.00
# Visual Studio Version 17
VisualStudioVersion = 17.0.31903.59
MinimumVisualStudioVersion = 10.0.40219.1
Project("{2150E333-8FDC-42A3-9474-1A3956D46DE8}") = "src", "src", "{827E0CD3-B72D-47B6-A68D-7590B98EB39B}"
EndProject
Project("{FAE04EC0-301F-11D3-BF4B-00C04F79EFBC}") = "Monad.NET", "src\Monad.NET\Monad.NET.csproj", "{210FF9CB-E953-4C55-9EF6-E2EFBE26E4B3}"
EndProject
Project("{2150E333-8FDC-42A3-9474-1A3956D46DE8}") = "tests", "tests", "{0AB3BF05-4346-4AA6-1389-037BE0695223}"
EndProject
Project("{FAE04EC0-301F-11D3-BF4B-00C04F79EFBC}") = "Monad.NET.Tests", "tests\Monad.NET.Tests\Monad.NET.Tests.csproj", "{ECD11A5D-5164-42DE-8775-377C3FFE4D90}"
EndProject
Project("{2150E333-8FDC-42A3-9474-1A3956D46DE8}") = "examples", "examples", "{B36A84DF-456D-A817-6EDD-3EC3E7F6E11F}"
EndProject
Project("{FAE04EC0-301F-11D3-BF4B-00C04F79EFBC}") = "Monad.NET.Examples", "examples\Monad.NET.Examples\Monad.NET.Examples.csproj", "{65C13E79-BD74-42E4-BAA0-734BB9B57D72}"
EndProject
Project("{FAE04EC0-301F-11D3-BF4B-00C04F79EFBC}") = "Monad.NET.SourceGenerators", "src\Monad.NET.SourceGenerators\Monad.NET.SourceGenerators.csproj", "{9D733A02-AF58-4B7D-A96E-72DBCD215059}"
EndProject
Project("{FAE04EC0-301F-11D3-BF4B-00C04F79EFBC}") = "Monad.NET.SourceGenerators.Tests", "tests\Monad.NET.SourceGenerators.Tests\Monad.NET.SourceGenerators.Tests.csproj", "{9530F6C7-5E06-4E06-AD4F-8B82D2470F27}"
EndProject
Global
	GlobalSection(SolutionConfigurationPlatforms) = preSolution
		Debug|Any CPU = Debug|Any CPU
		Debug|x64 = Debug|x64
		Debug|x86 = Debug|x86
		Release|Any CPU = Release|Any CPU
		Release|x64 = Release|x64
		Release|x86 = Release|x86
	EndGlobalSection
	GlobalSection(ProjectConfigurationPlatforms) = postSolution
		{210FF9CB-E953-4C55-9EF6-E2EFBE26E4B3}.Debug|Any CPU.ActiveCfg = Debug|Any CPU
		{210FF9CB-E953-4C55-9EF6-E2EFBE26E4B3}.Debug|Any CPU.Build.0 = Debug|Any CPU
		{210FF9CB-E953-4C55-9EF6-E2EFBE26E4B3}.Debug|x64.ActiveCfg = Debug|Any CPU
		{210FF9CB-E953-4C55-9EF6-E2EFBE26E4B3}.Debug|x64.Build.0 = Debug|Any CPU
		{210FF9CB-E953-4C55-9EF6-E2EFBE26E4B3}.Debug|x86.ActiveCfg = Debug|Any CPU
		{210FF9CB-E953-4C55-9EF6-E2EFBE26E4B3}.Debug|x86.Build.0 = Debug|Any CPU
		{210FF9CB-E953-4C55-9EF6-E2EFBE26E4B3}.Release|Any CPU.ActiveCfg = Release|Any CPU
		{210FF9CB-E953-4C55-9EF6-E2EFBE26E4B3}.Release|Any CPU.Build.0 = Release|Any CPU
		{210FF9CB-E953-4C55-9EF6-E2EFBE26E4B3}.Release|x64.ActiveCfg = Release|Any CPU
		{210FF9CB-E953-4C55-9EF6-E2EFBE26E4B3}.Release|x64.Build.0 = Release|Any CPU
		{210FF9CB-E953-4C55-9EF6-E2EFBE26E4B3}.Release|x86.ActiveCfg = Release|Any CPU
		{210FF9CB-E953-4C55-9EF6-E2EFBE26E4B3}.Release|x86.Build.0 = Release|Any CPU
		{ECD11A5D-5164-42DE-8775-377C3FFE4D90}.Debug|Any CPU.ActiveCfg = Debug|Any CPU
		{ECD11A5D-5164-42DE-8775-377C3FFE4D90}.Debug|Any CPU.Build.0 = Debug|Any CPU
		{ECD11A5D-5164-42DE-8775-377C3FFE4D90}.Debug|x64.ActiveCfg = Debug|Any CPU
		{ECD11A5D-5164-42DE-8775-377C3FFE4D90}.Debug|x64.Build.0 = Debug|Any CPU
		{ECD11A5D-5164-42DE-8775-377C3FFE4D90}.Debug|x86.ActiveCfg = Debug|Any CPU
		{ECD11A5D-5164-42DE-8775-377C3FFE4D90}.Debug|x86.Build.0 = Debug|Any CPU
		{ECD11A5D-5164-42DE-8775-377C3FFE4D90}.Release|Any CPU.ActiveCfg = Release|Any CPU
		{ECD11A5D-5164-42DE-8775-377C3FFE4D90}.Release|Any CPU.Build.0 = Release|Any CPU
		{ECD11A5D-5164-42DE-8775-377C3FFE4D90}.Release|x64.ActiveCfg = Release|Any CPU
		{ECD11A5D-5164-42DE-8775-377C3FFE4D90}.Release|x64.Build.0 = Release|Any CPU
		{ECD11A5D-5164-42DE-8775-377C3FFE4D90}.Release|x86.ActiveCfg = Release|Any CPU
		{ECD11A5D-5164-42DE-8775-377C3FFE4D90}.Release|x86.Build.0 = Release|Any CPU
		{65C13E79-BD74-42E4-BAA0-734BB9B57D72}.Debug|Any CPU.ActiveCfg = Debug|Any CPU
		{65C13E79-BD74-42E4-BAA0-734BB9B57D72}.Debug|Any CPU.Build.0 = Debug|Any CPU
		{65C13E79-BD74-42E4-BAA0-734BB9B57D72}.Debug|x64.ActiveCfg = Debug|Any CPU
		{65C13E79-BD74-42E4-BAA0-734BB9B57D72}.Debug|x64.Build.0 = Debug|Any CPU
		{65C13E79-BD74-42E4-BAA0-734BB9B57D72}.Debug|x86.ActiveCfg = Debug|Any CPU
		{65C13E79-BD74-42E4-BAA0-734BB9B57D72}.Debug|x86.Build.0 = Debug|Any CPU
		{65C13E79-BD74-42E4-BAA0-734BB9B57D72}.Release|Any CPU.ActiveCfg = Release|Any CPU
		{65C13E79-BD74-42E4-BAA0-734BB9B57D72}.Release|Any CPU.Build.0 = Release|Any CPU
		{65C13E79-BD74-42E4-BAA0-734BB9B57D72}.Release|x64.ActiveCfg = Release|Any CPU
		{65C13E79-BD74-42E4-BAA0-734BB9B57D72}.Release|x64.Build.0 = Release|Any CPU
		{65C13E79-BD74-42E4-BAA0-734BB9B57D72}.Release|x86.ActiveCfg = Release|Any CPU
		{65C13E79-BD74-42E4-BAA0-734BB9B57D72}.Release|x86.Build.0 = Release|Any CPU
		{9D733A02-AF58-4B7D-A96E-72DBCD215059}.Debug|Any CPU.ActiveCfg = Debug|Any CPU
		{9D733A02-AF58-4B7D-A96E-72DBCD215059}.Debug|Any CPU.Build.0 = Debug|Any CPU
		{9D733A02-AF58-4B7D-A96E-72DBCD215059}.Debug|x64.ActiveCfg = Debug|Any CPU
		{9D733A02-AF58-4B7D-A96E-72DBCD215059}.Debug|x64.Build.0 = Debug|Any CPU
		{9D733A02-AF58-4B7D-A96E-72DBCD215059}.Debug|x86.ActiveCfg = Debug|Any CPU
		{9D733A02-AF58-4B7D-A96E-72DBCD215059}.Debug|x86.Build.0 = Debug|Any CPU
		{9D733A02-AF58-4B7D-A96E-72DBCD215059}.Release|Any CPU.ActiveCfg = Release|Any CPU
		{9D733A02-AF58-4B7D-A96E-72DBCD215059}.Release|Any CPU.Build.0 = Release|Any CPU
		{9D733A02-AF58-4B7D-A96E-72DBCD215059}.Release|x64.ActiveCfg = Release|Any CPU
		{9D733A02-AF58-4B7D-A96E-72DBCD215059}.Release|x64.Build.0 = Release|Any CPU
		{9D733A02-AF58-4B7D-A96E-72DBCD215059}.Release|x86.ActiveCfg = Release|Any CPU
		{9D733A02-AF58-4B7D-A96E-72DBCD215059}.Release|x86.Build.0 = Release|Any CPU
		{9530F6C7-5E06-4E06-AD4F-8B82D2470F27}.Debug|Any CPU.ActiveCfg = Debug|Any CPU
		{9530F6C7-5E06-4E06-AD4F-8B82D2470F27}.Debug|Any CPU.Build.0 = Debug|Any CPU
		{9530F6C7-5E06-4E06-AD4F-8B82D2470F27}.Debug|x64.ActiveCfg = Debug|Any CPU
		{9530F6C7-5E06-4E06-AD4F-8B82D2470F27}.Debug|x64.Build.0 = Debug|Any CPU
		{9530F6C7-5E06-4E06-AD4F-8B82D2470F27}.Debug|x86.ActiveCfg = Debug|Any CPU
		{9530F6C7-5E06-4E06-AD4F-8B82D2470F27}.Debug|x86.Build.0 = Debug|Any CPU
		{9530F6C7-5E06-4E06-AD4F-8B82D2470F27}.Release|Any CPU.ActiveCfg = Release|Any CPU
		{9530F6C7-5E06-4E06-AD4F-8B82D2470F27}.Release|Any CPU.Build.0 = Release|Any CPU
		{9530F6C7-5E06-4E06-AD4F-8B82D2470F27}.Release|x64.ActiveCfg = Release|Any CPU
		{9530F6C7-5E06-4E06-AD4F-8B82D2470F27}.Release|x64.Build.0 = Release|Any CPU
		{9530F6C7-5E06-4E06-AD4F-8B82D2470F27}.Release|x86.ActiveCfg = Release|Any CPU
		{9530F6C7-5E06-4E06-AD4F-8B82D2470F27}.Release|x86.Build.0 = Release|Any CPU
	EndGlobalSection
	GlobalSection(SolutionProperties) = preSolution
		HideSolutionNode = FALSE
	EndGlobalSection
	GlobalSection(NestedProjects) = preSolution
		{210FF9CB-E953-4C55-9EF6-E2EFBE26E4B3} = {827E0CD3-B72D-47B6-A68D-7590B98EB39B}
		{ECD11A5D-5164-42DE-8775-377C3FFE4D90} = {0AB3BF05-4346-4AA6-1389-037BE0695223}
		{65C13E79-BD74-42E4-BAA0-734BB9B57D72} = {B36A84DF-456D-A817-6EDD-3EC3E7F6E11F}
		{9D733A02-AF58-4B7D-A96E-72DBCD215059} = {827E0CD3-B72D-47B6-A68D-7590B98EB39B}
		{9530F6C7-5E06-4E06-AD4F-8B82D2470F27} = {0AB3BF05-4346-4AA6-1389-037BE0695223}
	EndGlobalSection
EndGlobal
